
Microsoft Visual Studio Solution File, Format Version 12.00
# Visual Studio Version 17
VisualStudioVersion = 17.8.34525.116
MinimumVisualStudioVersion = 10.0.40219.1
Project("{FAE04EC0-301F-11D3-BF4B-00C04F79EFBC}") = "CarWash", "CarWash.csproj", "{08636F1B-110D-45B7-B0B3-35DD64D42FA6}"
EndProject
Global
	GlobalSection(SolutionConfigurationPlatforms) = preSolution
		Debug|Any CPU = Debug|Any CPU
		Release|Any CPU = Release|Any CPU
	EndGlobalSection
	GlobalSection(ProjectConfigurationPlatforms) = postSolution
		{08636F1B-110D-45B7-B0B3-35DD64D42FA6}.Debug|Any CPU.ActiveCfg = Debug|Any CPU
		{08636F1B-110D-45B7-B0B3-35DD64D42FA6}.Debug|Any CPU.Build.0 = Debug|Any CPU
		{08636F1B-110D-45B7-B0B3-35DD64D42FA6}.Debug|Any CPU.Deploy.0 = Debug|Any CPU
		{08636F1B-110D-45B7-B0B3-35DD64D42FA6}.Release|Any CPU.ActiveCfg = Release|Any CPU
		{08636F1B-110D-45B7-B0B3-35DD64D42FA6}.Release|Any CPU.Build.0 = Release|Any CPU
		{08636F1B-110D-45B7-B0B3-35DD64D42FA6}.Release|Any CPU.Deploy.0 = Release|Any CPU
	EndGlobalSection
	GlobalSection(SolutionProperties) = preSolution
		HideSolutionNode = FALSE
	EndGlobalSection
	GlobalSection(ExtensibilityGlobals) = postSolution
		SolutionGuid = {B94F3FBA-1C89-4FD1-8B09-A13853244BEC}
	EndGlobalSection
EndGlobal
